
Microsoft Visual Studio Solution File, Format Version 12.00
# Visual Studio Version 16
VisualStudioVersion = 16.0.29411.108
MinimumVisualStudioVersion = 10.0.40219.1
Project("{FAE04EC0-301F-11D3-BF4B-00C04F79EFBC}") = "math kalk", "math kalk\math kalk.csproj", "{8D498E2F-A39D-4518-859C-9746E0A074C8}"
EndProject
Global
	GlobalSection(SolutionConfigurationPlatforms) = preSolution
		Debug|Any CPU = Debug|Any CPU
		Release|Any CPU = Release|Any CPU
	EndGlobalSection
	GlobalSection(ProjectConfigurationPlatforms) = postSolution
		{8D498E2F-A39D-4518-859C-9746E0A074C8}.Debug|Any CPU.ActiveCfg = Debug|Any CPU
		{8D498E2F-A39D-4518-859C-9746E0A074C8}.Debug|Any CPU.Build.0 = Debug|Any CPU
		{8D498E2F-A39D-4518-859C-9746E0A074C8}.Release|Any CPU.ActiveCfg = Release|Any CPU
		{8D498E2F-A39D-4518-859C-9746E0A074C8}.Release|Any CPU.Build.0 = Release|Any CPU
	EndGlobalSection
	GlobalSection(SolutionProperties) = preSolution
		HideSolutionNode = FALSE
	EndGlobalSection
	GlobalSection(ExtensibilityGlobals) = postSolution
		SolutionGuid = {EF435105-67A3-452E-B687-79D9CEA9409A}
	EndGlobalSection
EndGlobal
